
Microsoft Visual Studio Solution File, Format Version 12.00
Project("{2150E333-8FDC-42A3-9474-1A3956D46DE8}") = "src", "src", "{B49549E9-7313-480D-9953-DBD4E84279AC}"
	ProjectSection(SolutionItems) = preProject
		src\README.md = src\README.md
	EndProjectSection
EndProject
Project("{2150E333-8FDC-42A3-9474-1A3956D46DE8}") = "tests", "tests", "{8133BEA7-C42B-44B8-BDA9-5A42FCA8E7C4}"
EndProject
Project("{FAE04EC0-301F-11D3-BF4B-00C04F79EFBC}") = "Api", "src\Api\Api.csproj", "{C0A78750-D49F-4FF2-809D-7BA63011BFEE}"
EndProject
Project("{FAE04EC0-301F-11D3-BF4B-00C04F79EFBC}") = "Domain", "src\Domain\Domain.csproj", "{13F8EF5E-4673-4514-9529-8E7327DD2911}"
EndProject
Project("{FAE04EC0-301F-11D3-BF4B-00C04F79EFBC}") = "Application", "src\Application\Application.csproj", "{170E543C-89EE-4BAE-AC65-4857D5008B6E}"
EndProject
Project("{FAE04EC0-301F-11D3-BF4B-00C04F79EFBC}") = "Communication", "src\Communication\Communication.csproj", "{C2071093-74F3-4881-9C50-D44AFE9EC6A4}"
EndProject
Project("{FAE04EC0-301F-11D3-BF4B-00C04F79EFBC}") = "Exception", "src\Exception\Exception.csproj", "{D8082B1B-DCC8-422B-8C7C-4EBDE4E3149C}"
EndProject
Project("{FAE04EC0-301F-11D3-BF4B-00C04F79EFBC}") = "Infra", "src\Infra\Infra.csproj", "{FC94722F-6FDD-4423-8BD7-0262C9E3CCF3}"
EndProject
Project("{FAE04EC0-301F-11D3-BF4B-00C04F79EFBC}") = "Validators.Tests", "tests\Validators.Tests\Validators.Tests.csproj", "{E4CB0FBA-FF0B-44D9-8640-45FB6F8007D7}"
EndProject
Global
	GlobalSection(SolutionConfigurationPlatforms) = preSolution
		Debug|Any CPU = Debug|Any CPU
		Release|Any CPU = Release|Any CPU
	EndGlobalSection
	GlobalSection(NestedProjects) = preSolution
		{C0A78750-D49F-4FF2-809D-7BA63011BFEE} = {B49549E9-7313-480D-9953-DBD4E84279AC}
		{13F8EF5E-4673-4514-9529-8E7327DD2911} = {B49549E9-7313-480D-9953-DBD4E84279AC}
		{170E543C-89EE-4BAE-AC65-4857D5008B6E} = {B49549E9-7313-480D-9953-DBD4E84279AC}
		{C2071093-74F3-4881-9C50-D44AFE9EC6A4} = {B49549E9-7313-480D-9953-DBD4E84279AC}
		{D8082B1B-DCC8-422B-8C7C-4EBDE4E3149C} = {B49549E9-7313-480D-9953-DBD4E84279AC}
		{FC94722F-6FDD-4423-8BD7-0262C9E3CCF3} = {B49549E9-7313-480D-9953-DBD4E84279AC}
		{E4CB0FBA-FF0B-44D9-8640-45FB6F8007D7} = {8133BEA7-C42B-44B8-BDA9-5A42FCA8E7C4}
	EndGlobalSection
	GlobalSection(ProjectConfigurationPlatforms) = postSolution
		{C0A78750-D49F-4FF2-809D-7BA63011BFEE}.Debug|Any CPU.ActiveCfg = Debug|Any CPU
		{C0A78750-D49F-4FF2-809D-7BA63011BFEE}.Debug|Any CPU.Build.0 = Debug|Any CPU
		{C0A78750-D49F-4FF2-809D-7BA63011BFEE}.Release|Any CPU.ActiveCfg = Release|Any CPU
		{C0A78750-D49F-4FF2-809D-7BA63011BFEE}.Release|Any CPU.Build.0 = Release|Any CPU
		{13F8EF5E-4673-4514-9529-8E7327DD2911}.Debug|Any CPU.ActiveCfg = Debug|Any CPU
		{13F8EF5E-4673-4514-9529-8E7327DD2911}.Debug|Any CPU.Build.0 = Debug|Any CPU
		{13F8EF5E-4673-4514-9529-8E7327DD2911}.Release|Any CPU.ActiveCfg = Release|Any CPU
		{13F8EF5E-4673-4514-9529-8E7327DD2911}.Release|Any CPU.Build.0 = Release|Any CPU
		{170E543C-89EE-4BAE-AC65-4857D5008B6E}.Debug|Any CPU.ActiveCfg = Debug|Any CPU
		{170E543C-89EE-4BAE-AC65-4857D5008B6E}.Debug|Any CPU.Build.0 = Debug|Any CPU
		{170E543C-89EE-4BAE-AC65-4857D5008B6E}.Release|Any CPU.ActiveCfg = Release|Any CPU
		{170E543C-89EE-4BAE-AC65-4857D5008B6E}.Release|Any CPU.Build.0 = Release|Any CPU
		{C2071093-74F3-4881-9C50-D44AFE9EC6A4}.Debug|Any CPU.ActiveCfg = Debug|Any CPU
		{C2071093-74F3-4881-9C50-D44AFE9EC6A4}.Debug|Any CPU.Build.0 = Debug|Any CPU
		{C2071093-74F3-4881-9C50-D44AFE9EC6A4}.Release|Any CPU.ActiveCfg = Release|Any CPU
		{C2071093-74F3-4881-9C50-D44AFE9EC6A4}.Release|Any CPU.Build.0 = Release|Any CPU
		{D8082B1B-DCC8-422B-8C7C-4EBDE4E3149C}.Debug|Any CPU.ActiveCfg = Debug|Any CPU
		{D8082B1B-DCC8-422B-8C7C-4EBDE4E3149C}.Debug|Any CPU.Build.0 = Debug|Any CPU
		{D8082B1B-DCC8-422B-8C7C-4EBDE4E3149C}.Release|Any CPU.ActiveCfg = Release|Any CPU
		{D8082B1B-DCC8-422B-8C7C-4EBDE4E3149C}.Release|Any CPU.Build.0 = Release|Any CPU
		{FC94722F-6FDD-4423-8BD7-0262C9E3CCF3}.Debug|Any CPU.ActiveCfg = Debug|Any CPU
		{FC94722F-6FDD-4423-8BD7-0262C9E3CCF3}.Debug|Any CPU.Build.0 = Debug|Any CPU
		{FC94722F-6FDD-4423-8BD7-0262C9E3CCF3}.Release|Any CPU.ActiveCfg = Release|Any CPU
		{FC94722F-6FDD-4423-8BD7-0262C9E3CCF3}.Release|Any CPU.Build.0 = Release|Any CPU
		{E4CB0FBA-FF0B-44D9-8640-45FB6F8007D7}.Debug|Any CPU.ActiveCfg = Debug|Any CPU
		{E4CB0FBA-FF0B-44D9-8640-45FB6F8007D7}.Debug|Any CPU.Build.0 = Debug|Any CPU
		{E4CB0FBA-FF0B-44D9-8640-45FB6F8007D7}.Release|Any CPU.ActiveCfg = Release|Any CPU
		{E4CB0FBA-FF0B-44D9-8640-45FB6F8007D7}.Release|Any CPU.Build.0 = Release|Any CPU
	EndGlobalSection
EndGlobal
